{
  "name": "hexgine",
  "version": "0.0.0",
  "lockfileVersion": 3,
  "requires": true,
  "packages": {
    "": {
      "name": "hexgine",
      "version": "0.0.0",
      "dependencies": {
        "@three-ts/orbit-controls": "^1.4.7",
        "@types/three": "^0.141.0",
        "camera-controls": "^1.36.0",
        "stats.js": "^0.17.0",
        "three": "^0.141.0",
        "three-inspect": "^0.7.2"
      },
      "devDependencies": {
        "@types/dat.gui": "^0.7.7",
        "dat.gui": "^0.7.9",
        "typescript": "^4.5.4",
        "vite": "^2.9.9"
      }
    },
    "node_modules/@ampproject/remapping": {
      "version": "2.3.0",
      "license": "Apache-2.0",
      "dependencies": {
        "@jridgewell/gen-mapping": "^0.3.5",
        "@jridgewell/trace-mapping": "^0.3.24"
      },
      "engines": {
        "node": ">=6.0.0"
      }
    },
    "node_modules/@floating-ui/core": {
      "version": "1.6.5",
      "license": "MIT",
      "dependencies": {
        "@floating-ui/utils": "^0.2.5"
      }
    },
    "node_modules/@floating-ui/dom": {
      "version": "1.6.8",
      "license": "MIT",
      "dependencies": {
        "@floating-ui/core": "^1.6.0",
        "@floating-ui/utils": "^0.2.5"
      }
    },
    "node_modules/@floating-ui/utils": {
      "version": "0.2.5",
      "license": "MIT"
    },
    "node_modules/@jridgewell/gen-mapping": {
      "version": "0.3.5",
      "license": "MIT",
      "dependencies": {
        "@jridgewell/set-array": "^1.2.1",
        "@jridgewell/sourcemap-codec": "^1.4.10",
        "@jridgewell/trace-mapping": "^0.3.24"
      },
      "engines": {
        "node": ">=6.0.0"
      }
    },
    "node_modules/@jridgewell/resolve-uri": {
      "version": "3.1.2",
      "license": "MIT",
      "engines": {
        "node": ">=6.0.0"
      }
    },
    "node_modules/@jridgewell/set-array": {
      "version": "1.2.1",
      "license": "MIT",
      "engines": {
        "node": ">=6.0.0"
      }
    },
    "node_modules/@jridgewell/sourcemap-codec": {
      "version": "1.5.0",
      "license": "MIT"
    },
    "node_modules/@jridgewell/trace-mapping": {
      "version": "0.3.25",
      "license": "MIT",
      "dependencies": {
        "@jridgewell/resolve-uri": "^3.1.0",
        "@jridgewell/sourcemap-codec": "^1.4.14"
      }
    },
    "node_modules/@kitschpatrol/tweakpane-plugin-image": {
      "version": "2.0.0",
      "license": "MIT",
      "dependencies": {
        "@tweakpane/core": "^2.0.3"
      },
      "peerDependencies": {
        "tweakpane": "^4.0.3"
      }
    },
    "node_modules/@kitschpatrol/tweakpane-plugin-image/node_modules/@tweakpane/core": {
      "version": "2.0.4",
      "resolved": "https://registry.npmjs.org/@tweakpane/core/-/core-2.0.4.tgz",
      "integrity": "sha512-0P3xcmvjBr8AmqMOEDNYIbkiaPwvQPkj8VeJX+8ZYkpRgWWbNp1HLbld0MDI0WJHdom89osH3MmCDLnWEXKI2w=="
    },
    "node_modules/@mdi/js": {
      "version": "7.4.47",
      "license": "Apache-2.0"
    },
    "node_modules/@three-ts/orbit-controls": {
      "version": "1.4.7",
      "resolved": "https://registry.npmjs.org/@three-ts/orbit-controls/-/orbit-controls-1.4.7.tgz",
      "integrity": "sha512-1OVZnc2VTHCoHberL50LBbltjnqVpOBhmuJwKPqzn6sThQwvVU1E13cpuJ2SWWOMoMLF+4hE3ICi4KHsZA/CJw==",
      "license": "MIT",
      "dependencies": {
        "three": "^0.126.1"
      }
    },
    "node_modules/@three-ts/orbit-controls/node_modules/three": {
      "version": "0.126.1",
      "resolved": "https://registry.npmjs.org/three/-/three-0.126.1.tgz",
      "integrity": "sha512-eOEXnZeE1FDV0XgL1u08auIP13jxdN9LQBAEmlErYzMxtIIfuGIAZbijOyookALUhqVzVOx0Tywj6n192VM+nQ==",
      "license": "MIT"
    },
    "node_modules/@types/dat.gui": {
      "version": "0.7.7",
      "resolved": "https://registry.npmjs.org/@types/dat.gui/-/dat.gui-0.7.7.tgz",
      "integrity": "sha512-CxLCme0He5Jk3uQwfO/fGZMyNhb/ypANzqX0yU9lviBQMlen5SOvQTBQ/Cd9x5mFlUAK5Tk8RgvTyLj1nYkz+w==",
      "dev": true,
      "license": "MIT"
    },
    "node_modules/@types/estree": {
      "version": "1.0.5",
      "license": "MIT"
    },
    "node_modules/@types/three": {
      "version": "0.141.0",
      "resolved": "https://registry.npmjs.org/@types/three/-/three-0.141.0.tgz",
      "integrity": "sha512-OJdKDgTPVBUgc+s74DYoy4aLznbFFC38Xm4ElmU1YwGNgR7GGFVvFCX7lpVgOsT6S1zSJtGdajTsOYE8/xY9nA==",
      "license": "MIT",
      "dependencies": {
        "@types/webxr": "*"
      }
    },
    "node_modules/@types/webxr": {
      "version": "0.4.0",
      "resolved": "https://registry.npmjs.org/@types/webxr/-/webxr-0.4.0.tgz",
      "integrity": "sha512-LQvrACV3Pj17GpkwHwXuTd733gfY+D7b9mKdrTmLdO7vo7P/o6209Qqtk63y/FCv/lspdmi0pWz6Qe/ull9kQg==",
      "license": "MIT"
    },
    "node_modules/acorn": {
      "version": "8.12.1",
      "license": "MIT",
      "bin": {
        "acorn": "bin/acorn"
      },
      "engines": {
        "node": ">=0.4.0"
      }
    },
    "node_modules/anymatch": {
      "version": "3.1.3",
      "license": "ISC",
      "dependencies": {
        "normalize-path": "^3.0.0",
        "picomatch": "^2.0.4"
      },
      "engines": {
        "node": ">= 8"
      }
    },
    "node_modules/aria-query": {
      "version": "5.3.0",
      "license": "Apache-2.0",
      "dependencies": {
        "dequal": "^2.0.3"
      }
    },
    "node_modules/axobject-query": {
      "version": "4.1.0",
      "license": "Apache-2.0",
      "engines": {
        "node": ">= 0.4"
      }
    },
    "node_modules/bidi-js": {
      "version": "1.0.3",
      "license": "MIT",
      "dependencies": {
        "require-from-string": "^2.0.2"
      }
    },
    "node_modules/binary-extensions": {
      "version": "2.3.0",
      "license": "MIT",
      "engines": {
        "node": ">=8"
      },
      "funding": {
        "url": "https://github.com/sponsors/sindresorhus"
      }
    },
    "node_modules/braces": {
      "version": "3.0.3",
      "license": "MIT",
      "dependencies": {
        "fill-range": "^7.1.1"
      },
      "engines": {
        "node": ">=8"
      }
    },
    "node_modules/camera-controls": {
      "version": "1.36.0",
      "resolved": "https://registry.npmjs.org/camera-controls/-/camera-controls-1.36.0.tgz",
      "integrity": "sha512-EFRS/PGyaqwc+mousHbLF9nFJQbcIcYIpzkddxFltiAtYcwyR017t1HUh51c75YqqfTKPGerIlITGRu3a+8j6g==",
      "license": "MIT",
      "peerDependencies": {
        "three": ">=0.126.1"
      }
    },
    "node_modules/chokidar": {
      "version": "3.6.0",
      "license": "MIT",
      "dependencies": {
        "anymatch": "~3.1.2",
        "braces": "~3.0.2",
        "glob-parent": "~5.1.2",
        "is-binary-path": "~2.1.0",
        "is-glob": "~4.0.1",
        "normalize-path": "~3.0.0",
        "readdirp": "~3.6.0"
      },
      "engines": {
        "node": ">= 8.10.0"
      },
      "funding": {
        "url": "https://paulmillr.com/funding/"
      },
      "optionalDependencies": {
        "fsevents": "~2.3.2"
      }
    },
    "node_modules/code-red": {
      "version": "1.0.4",
      "license": "MIT",
      "dependencies": {
        "@jridgewell/sourcemap-codec": "^1.4.15",
        "@types/estree": "^1.0.1",
        "acorn": "^8.10.0",
        "estree-walker": "^3.0.3",
        "periscopic": "^3.1.0"
      }
    },
    "node_modules/css-tree": {
      "version": "2.3.1",
      "license": "MIT",
      "dependencies": {
        "mdn-data": "2.0.30",
        "source-map-js": "^1.0.1"
      },
      "engines": {
        "node": "^10 || ^12.20.0 || ^14.13.0 || >=15.0.0"
      }
    },
    "node_modules/dat.gui": {
      "version": "0.7.9",
      "resolved": "https://registry.npmjs.org/dat.gui/-/dat.gui-0.7.9.tgz",
      "integrity": "sha512-sCNc1OHobc+Erc1HqiswYgHdVNpSJUlk/Hz8vzOCsER7rl+oF/4+v8GXFUyCgtXpoCX6+bnmg07DedLvBLwYKQ==",
      "dev": true,
      "license": "Apache-2.0"
    },
    "node_modules/dequal": {
      "version": "2.0.3",
      "license": "MIT",
      "engines": {
        "node": ">=6"
      }
    },
    "node_modules/diet-sprite": {
      "version": "0.0.1",
      "license": "ISC"
    },
    "node_modules/earcut": {
      "version": "2.2.4",
      "license": "ISC"
    },
    "node_modules/esbuild": {
      "version": "0.14.47",
      "resolved": "https://registry.npmjs.org/esbuild/-/esbuild-0.14.47.tgz",
      "integrity": "sha512-wI4ZiIfFxpkuxB8ju4MHrGwGLyp1+awEHAHVpx6w7a+1pmYIq8T9FGEVVwFo0iFierDoMj++Xq69GXWYn2EiwA==",
      "dev": true,
      "hasInstallScript": true,
      "license": "MIT",
      "bin": {
        "esbuild": "bin/esbuild"
      },
      "engines": {
        "node": ">=12"
      },
      "optionalDependencies": {
        "esbuild-android-64": "0.14.47",
        "esbuild-android-arm64": "0.14.47",
        "esbuild-darwin-64": "0.14.47",
        "esbuild-darwin-arm64": "0.14.47",
        "esbuild-freebsd-64": "0.14.47",
        "esbuild-freebsd-arm64": "0.14.47",
        "esbuild-linux-32": "0.14.47",
        "esbuild-linux-64": "0.14.47",
        "esbuild-linux-arm": "0.14.47",
        "esbuild-linux-arm64": "0.14.47",
        "esbuild-linux-mips64le": "0.14.47",
        "esbuild-linux-ppc64le": "0.14.47",
        "esbuild-linux-riscv64": "0.14.47",
        "esbuild-linux-s390x": "0.14.47",
        "esbuild-netbsd-64": "0.14.47",
        "esbuild-openbsd-64": "0.14.47",
        "esbuild-sunos-64": "0.14.47",
        "esbuild-windows-32": "0.14.47",
        "esbuild-windows-64": "0.14.47",
        "esbuild-windows-arm64": "0.14.47"
      }
    },
    "node_modules/esbuild-darwin-arm64": {
      "version": "0.14.47",
      "resolved": "https://registry.npmjs.org/esbuild-darwin-arm64/-/esbuild-darwin-arm64-0.14.47.tgz",
      "integrity": "sha512-seCmearlQyvdvM/noz1L9+qblC5vcBrhUaOoLEDDoLInF/VQ9IkobGiLlyTPYP5dW1YD4LXhtBgOyevoIHGGnw==",
      "cpu": [
        "arm64"
      ],
      "dev": true,
      "license": "MIT",
      "optional": true,
      "os": [
        "darwin"
      ],
      "engines": {
        "node": ">=12"
      }
    },
    "node_modules/esm-env": {
      "version": "1.0.0",
      "license": "MIT"
    },
    "node_modules/estree-walker": {
      "version": "3.0.3",
      "license": "MIT",
      "dependencies": {
        "@types/estree": "^1.0.0"
      }
    },
    "node_modules/fast-copy": {
      "version": "3.0.1",
      "license": "MIT"
    },
    "node_modules/fast-equals": {
      "version": "5.0.1",
      "license": "MIT",
      "engines": {
        "node": ">=6.0.0"
      }
    },
    "node_modules/fill-range": {
      "version": "7.1.1",
      "license": "MIT",
      "dependencies": {
        "to-regex-range": "^5.0.1"
      },
      "engines": {
        "node": ">=8"
      }
    },
    "node_modules/flexible-tree": {
      "version": "0.1.6",
      "license": "MIT",
      "dependencies": {
        "sass": "^1.63.6"
      }
    },
    "node_modules/fsevents": {
      "version": "2.3.3",
      "license": "MIT",
      "optional": true,
      "os": [
        "darwin"
      ],
      "engines": {
        "node": "^8.16.0 || ^10.6.0 || >=11.0.0"
      }
    },
    "node_modules/function-bind": {
      "version": "1.1.1",
      "resolved": "https://registry.npmjs.org/function-bind/-/function-bind-1.1.1.tgz",
      "integrity": "sha512-yIovAzMX49sF8Yl58fSCWJ5svSLuaibPxXQJFLmBObTuCr0Mf1KiPopGM9NiFjiYBCbfaa2Fh6breQ6ANVTI0A==",
      "dev": true,
      "license": "MIT"
    },
    "node_modules/glob-parent": {
      "version": "5.1.2",
      "license": "ISC",
      "dependencies": {
        "is-glob": "^4.0.1"
      },
      "engines": {
        "node": ">= 6"
      }
    },
    "node_modules/has": {
      "version": "1.0.3",
      "resolved": "https://registry.npmjs.org/has/-/has-1.0.3.tgz",
      "integrity": "sha512-f2dvO0VU6Oej7RkWJGrehjbzMAjFp5/VKPp5tTpWIV4JHHZK1/BxbFRtf/siA2SWTe09caDmVtYYzWEIbBS4zw==",
      "dev": true,
      "license": "MIT",
      "dependencies": {
        "function-bind": "^1.1.1"
      },
      "engines": {
        "node": ">= 0.4.0"
      }
    },
    "node_modules/immutable": {
      "version": "4.3.7",
      "license": "MIT"
    },
    "node_modules/is-binary-path": {
      "version": "2.1.0",
      "license": "MIT",
      "dependencies": {
        "binary-extensions": "^2.0.0"
      },
      "engines": {
        "node": ">=8"
      }
    },
    "node_modules/is-core-module": {
      "version": "2.9.0",
      "resolved": "https://registry.npmjs.org/is-core-module/-/is-core-module-2.9.0.tgz",
      "integrity": "sha512-+5FPy5PnwmO3lvfMb0AsoPaBG+5KHUI0wYFXOtYPnVVVspTFUuMZNfNaNVRt3FZadstu2c8x23vykRW/NBoU6A==",
      "dev": true,
      "license": "MIT",
      "dependencies": {
        "has": "^1.0.3"
      },
      "funding": {
        "url": "https://github.com/sponsors/ljharb"
      }
    },
    "node_modules/is-extglob": {
      "version": "2.1.1",
      "license": "MIT",
      "engines": {
        "node": ">=0.10.0"
      }
    },
    "node_modules/is-glob": {
      "version": "4.0.3",
      "license": "MIT",
      "dependencies": {
        "is-extglob": "^2.1.1"
      },
      "engines": {
        "node": ">=0.10.0"
      }
    },
    "node_modules/is-number": {
      "version": "7.0.0",
      "license": "MIT",
      "engines": {
        "node": ">=0.12.0"
      }
    },
    "node_modules/is-reference": {
      "version": "3.0.2",
      "license": "MIT",
      "dependencies": {
        "@types/estree": "*"
      }
    },
    "node_modules/locate-character": {
      "version": "3.0.0",
      "license": "MIT"
    },
    "node_modules/maath": {
      "version": "0.10.8",
      "license": "MIT",
      "peerDependencies": {
        "@types/three": ">=0.134.0",
        "three": ">=0.134.0"
      }
    },
    "node_modules/magic-string": {
      "version": "0.30.10",
      "license": "MIT",
      "dependencies": {
        "@jridgewell/sourcemap-codec": "^1.4.15"
      }
    },
    "node_modules/mdn-data": {
      "version": "2.0.30",
      "license": "CC0-1.0"
    },
    "node_modules/mitt": {
      "version": "3.0.1",
      "license": "MIT"
    },
    "node_modules/nanoid": {
      "version": "3.3.4",
      "resolved": "https://registry.npmjs.org/nanoid/-/nanoid-3.3.4.tgz",
      "integrity": "sha512-MqBkQh/OHTS2egovRtLk45wEyNXwF+cokD+1YPf9u5VfJiRdAiRwB2froX5Co9Rh20xs4siNPm8naNotSD6RBw==",
      "dev": true,
      "license": "MIT",
      "bin": {
        "nanoid": "bin/nanoid.cjs"
      },
      "engines": {
        "node": "^10 || ^12 || ^13.7 || ^14 || >=15.0.1"
      }
    },
    "node_modules/normalize-path": {
      "version": "3.0.0",
      "license": "MIT",
      "engines": {
        "node": ">=0.10.0"
      }
    },
    "node_modules/path-parse": {
      "version": "1.0.7",
      "resolved": "https://registry.npmjs.org/path-parse/-/path-parse-1.0.7.tgz",
      "integrity": "sha512-LDJzPVEEEPR+y48z93A0Ed0yXb8pAByGWo/k5YYdYgpY2/2EsOsksJrq7lOHxryrVOn1ejG6oAp8ahvOIQD8sw==",
      "dev": true,
      "license": "MIT"
    },
    "node_modules/periscopic": {
      "version": "3.1.0",
      "license": "MIT",
      "dependencies": {
        "@types/estree": "^1.0.0",
        "estree-walker": "^3.0.0",
        "is-reference": "^3.0.0"
      }
    },
    "node_modules/picocolors": {
      "version": "1.0.0",
      "resolved": "https://registry.npmjs.org/picocolors/-/picocolors-1.0.0.tgz",
      "integrity": "sha512-1fygroTLlHu66zi26VoTDv8yRgm0Fccecssto+MhsZ0D/DGW2sm8E8AjW7NU5VVTRt5GxbeZ5qBuJr+HyLYkjQ==",
      "dev": true,
      "license": "ISC"
    },
    "node_modules/picomatch": {
      "version": "2.3.1",
      "license": "MIT",
      "engines": {
        "node": ">=8.6"
      },
      "funding": {
        "url": "https://github.com/sponsors/jonschlinkert"
      }
    },
    "node_modules/postcss": {
      "version": "8.4.14",
      "resolved": "https://registry.npmjs.org/postcss/-/postcss-8.4.14.tgz",
      "integrity": "sha512-E398TUmfAYFPBSdzgeieK2Y1+1cpdxJx8yXbK/m57nRhKSmk1GB2tO4lbLBtlkfPQTDKfe4Xqv1ASWPpayPEig==",
      "dev": true,
      "funding": [
        {
          "type": "opencollective",
          "url": "https://opencollective.com/postcss/"
        },
        {
          "type": "tidelift",
          "url": "https://tidelift.com/funding/github/npm/postcss"
        }
      ],
      "license": "MIT",
      "dependencies": {
        "nanoid": "^3.3.4",
        "picocolors": "^1.0.0",
        "source-map-js": "^1.0.2"
      },
      "engines": {
        "node": "^10 || ^12 || >=14"
      }
    },
    "node_modules/readdirp": {
      "version": "3.6.0",
      "license": "MIT",
      "dependencies": {
        "picomatch": "^2.2.1"
      },
      "engines": {
        "node": ">=8.10.0"
      }
    },
    "node_modules/require-from-string": {
      "version": "2.0.2",
      "license": "MIT",
      "engines": {
        "node": ">=0.10.0"
      }
    },
    "node_modules/resolve": {
      "version": "1.22.1",
      "resolved": "https://registry.npmjs.org/resolve/-/resolve-1.22.1.tgz",
      "integrity": "sha512-nBpuuYuY5jFsli/JIs1oldw6fOQCBioohqWZg/2hiaOybXOft4lonv85uDOKXdf8rhyK159cxU5cDcK/NKk8zw==",
      "dev": true,
      "license": "MIT",
      "dependencies": {
        "is-core-module": "^2.9.0",
        "path-parse": "^1.0.7",
        "supports-preserve-symlinks-flag": "^1.0.0"
      },
      "bin": {
        "resolve": "bin/resolve"
      },
      "funding": {
        "url": "https://github.com/sponsors/ljharb"
      }
    },
    "node_modules/rollup": {
      "version": "2.75.7",
      "resolved": "https://registry.npmjs.org/rollup/-/rollup-2.75.7.tgz",
      "integrity": "sha512-VSE1iy0eaAYNCxEXaleThdFXqZJ42qDBatAwrfnPlENEZ8erQ+0LYX4JXOLPceWfZpV1VtZwZ3dFCuOZiSyFtQ==",
      "dev": true,
      "license": "MIT",
      "bin": {
        "rollup": "dist/bin/rollup"
      },
      "engines": {
        "node": ">=10.0.0"
      },
      "optionalDependencies": {
        "fsevents": "~2.3.2"
      }
    },
    "node_modules/sass": {
      "version": "1.77.8",
      "license": "MIT",
      "dependencies": {
        "chokidar": ">=3.0.0 <4.0.0",
        "immutable": "^4.0.0",
        "source-map-js": ">=0.6.2 <2.0.0"
      },
      "bin": {
        "sass": "sass.js"
      },
      "engines": {
        "node": ">=14.0.0"
      }
    },
    "node_modules/source-map-js": {
      "version": "1.0.2",
      "resolved": "https://registry.npmjs.org/source-map-js/-/source-map-js-1.0.2.tgz",
      "integrity": "sha512-R0XvVJ9WusLiqTCEiGCmICCMplcCkIwwR11mOSD9CR5u+IXYdiseeEuXCVAjS54zqwkLcPNnmU4OeJ6tUrWhDw==",
      "license": "BSD-3-Clause",
      "engines": {
        "node": ">=0.10.0"
      }
    },
    "node_modules/stats.js": {
      "version": "0.17.0",
      "resolved": "https://registry.npmjs.org/stats.js/-/stats.js-0.17.0.tgz",
      "integrity": "sha512-hNKz8phvYLPEcRkeG1rsGmV5ChMjKDAWU7/OJJdDErPBNChQXxCo3WZurGpnWc6gZhAzEPFad1aVgyOANH1sMw==",
      "license": "MIT"
    },
    "node_modules/supports-preserve-symlinks-flag": {
      "version": "1.0.0",
      "resolved": "https://registry.npmjs.org/supports-preserve-symlinks-flag/-/supports-preserve-symlinks-flag-1.0.0.tgz",
      "integrity": "sha512-ot0WnXS9fgdkgIcePe6RHNk1WA8+muPa6cSjeR3V8K27q9BB1rTE3R1p7Hv0z1ZyAc8s6Vvv8DIyWf681MAt0w==",
      "dev": true,
      "license": "MIT",
      "engines": {
        "node": ">= 0.4"
      },
      "funding": {
        "url": "https://github.com/sponsors/ljharb"
      }
    },
    "node_modules/svelte": {
      "version": "4.2.18",
      "license": "MIT",
      "dependencies": {
        "@ampproject/remapping": "^2.2.1",
        "@jridgewell/sourcemap-codec": "^1.4.15",
        "@jridgewell/trace-mapping": "^0.3.18",
        "@types/estree": "^1.0.1",
        "acorn": "^8.9.0",
        "aria-query": "^5.3.0",
        "axobject-query": "^4.0.0",
        "code-red": "^1.0.3",
        "css-tree": "^2.3.1",
        "estree-walker": "^3.0.3",
        "is-reference": "^3.0.1",
        "locate-character": "^3.0.0",
        "magic-string": "^0.30.4",
        "periscopic": "^3.1.0"
      },
      "engines": {
        "node": ">=16"
      }
    },
    "node_modules/svelte-local-storage-store": {
      "version": "0.6.4",
      "license": "MIT",
      "engines": {
        "node": ">=0.14"
      },
      "peerDependencies": {
        "svelte": "^3.48.0 || >4.0.0"
      }
    },
    "node_modules/svelte-tweakpane-ui": {
      "version": "1.3.0",
      "license": "MIT",
      "dependencies": {
        "@kitschpatrol/tweakpane-plugin-camerakit": "^0.3.0",
        "@kitschpatrol/tweakpane-plugin-essentials": "^0.2.1",
        "@kitschpatrol/tweakpane-plugin-image": "^2.0.0",
        "@kitschpatrol/tweakpane-plugin-profiler": "^0.4.1",
        "@kitschpatrol/tweakpane-plugin-rotation": "^0.2.0",
        "@kitschpatrol/tweakpane-plugin-textarea": "^2.0.0",
        "@kitschpatrol/tweakpane-plugin-waveform": "^1.0.3",
        "@tweakpane/core": "2.0.3",
        "esm-env": "1.0.0",
        "fast-copy": "3.0.1",
        "fast-equals": "5.0.1",
        "nanoid": "5.0.6",
        "svelte-local-storage-store": "0.6.4",
        "tweakpane": "4.0.3"
      },
      "engines": {
        "node": ">=18.0.0",
        "pnpm": ">=8.0.0"
      },
      "peerDependencies": {
        "svelte": "^4.0.0"
      }
    },
    "node_modules/svelte-tweakpane-ui/node_modules/@kitschpatrol/tweakpane-plugin-camerakit": {
      "version": "0.3.0",
      "resolved": "https://registry.npmjs.org/@kitschpatrol/tweakpane-plugin-camerakit/-/tweakpane-plugin-camerakit-0.3.0.tgz",
      "integrity": "sha512-Rj1puvx5dzr04REfMz6DDMjoNxidA98n/j4RljLs4Hql8JqblPTeioQLjNnaRGTlDkmwhoEmhKJXtX26NtPAQQ==",
      "dependencies": {
        "@tweakpane/core": "^2.0.3"
      },
      "peerDependencies": {
        "tweakpane": "^4.0.3"
      }
    },
    "node_modules/svelte-tweakpane-ui/node_modules/@kitschpatrol/tweakpane-plugin-essentials": {
      "version": "0.2.1",
      "resolved": "https://registry.npmjs.org/@kitschpatrol/tweakpane-plugin-essentials/-/tweakpane-plugin-essentials-0.2.1.tgz",
      "integrity": "sha512-0V7ANWmcOb+oWNssIqa+KtBt8+Lqtqk++wiBZ8g8DjJ9z1v8Q3VLluVekSzZb2Mhu1rytWsXmzMknnRWsfzqBg==",
      "dependencies": {
        "@tweakpane/core": "^2.0.3"
      },
      "peerDependencies": {
        "tweakpane": "^4.0.3"
      }
    },
    "node_modules/svelte-tweakpane-ui/node_modules/@kitschpatrol/tweakpane-plugin-profiler": {
      "version": "0.4.1",
      "resolved": "https://registry.npmjs.org/@kitschpatrol/tweakpane-plugin-profiler/-/tweakpane-plugin-profiler-0.4.1.tgz",
      "integrity": "sha512-dPPLvaHUBpZM8upzudMforfMw/h6j9jscZsHkt+LjSrrmXH2OUM5adR4Dd7WUCc/OGjgMx9hxsSjiptIZqxA+g==",
      "dependencies": {
        "@tweakpane/core": "^2.0.3"
      },
      "peerDependencies": {
        "tweakpane": "^4.0.3"
      }
    },
    "node_modules/svelte-tweakpane-ui/node_modules/@kitschpatrol/tweakpane-plugin-rotation": {
      "version": "0.2.0",
      "resolved": "https://registry.npmjs.org/@kitschpatrol/tweakpane-plugin-rotation/-/tweakpane-plugin-rotation-0.2.0.tgz",
      "integrity": "sha512-bXGR2WO84zlXeafk/r4PRy6mhpuGdXX9AiQHWAwcCchzyYGvXtqNK0QjCZQfLTTBHbp8y1wDxU2Idd2qAKBq2Q==",
      "dependencies": {
        "@tweakpane/core": "^2.0.3"
      },
      "peerDependencies": {
        "tweakpane": "^4.0.3"
      }
    },
    "node_modules/svelte-tweakpane-ui/node_modules/@kitschpatrol/tweakpane-plugin-textarea": {
      "version": "2.0.0",
      "resolved": "https://registry.npmjs.org/@kitschpatrol/tweakpane-plugin-textarea/-/tweakpane-plugin-textarea-2.0.0.tgz",
      "integrity": "sha512-h68Eo9gKbeZ9AYyaFy/HSVFzYeMsN+WTlOk+QO1prqDs56yqw0DJKDHffK2sdlGd8wThtGF359TiV8UEsCa3dA==",
      "dependencies": {
        "@tweakpane/core": "^2.0.3"
      },
      "peerDependencies": {
        "tweakpane": "^4.0.3"
      }
    },
    "node_modules/svelte-tweakpane-ui/node_modules/@kitschpatrol/tweakpane-plugin-waveform": {
      "version": "1.0.3",
      "resolved": "https://registry.npmjs.org/@kitschpatrol/tweakpane-plugin-waveform/-/tweakpane-plugin-waveform-1.0.3.tgz",
      "integrity": "sha512-litDHX36MXbaw92stzTxua0MqS8INOkq0kGIhqxuRlyjOom7JJsO0bkSgNSbSNAQxJTHmo9NRjO6PzBbFR2Dsw==",
      "dependencies": {
        "@tweakpane/core": "^2.0.3"
      },
      "peerDependencies": {
        "tweakpane": "^4.0.3"
      }
    },
    "node_modules/svelte-tweakpane-ui/node_modules/@tweakpane/core": {
      "version": "2.0.3",
      "resolved": "https://registry.npmjs.org/@tweakpane/core/-/core-2.0.3.tgz",
      "integrity": "sha512-qHci4XA1Wngpwy8IzsLh5JEdscz8aDti/9YhyOaq01si+cgNDaZfwzTtXdn1+xTxSnCM+pW4Zb2/4eqn+K1ATw=="
    },
    "node_modules/svelte-tweakpane-ui/node_modules/nanoid": {
      "version": "5.0.6",
      "funding": [
        {
          "type": "github",
          "url": "https://github.com/sponsors/ai"
        }
      ],
      "license": "MIT",
      "bin": {
        "nanoid": "bin/nanoid.js"
      },
      "engines": {
        "node": "^18 || >=20"
      }
    },
    "node_modules/three": {
      "version": "0.141.0",
      "resolved": "https://registry.npmjs.org/three/-/three-0.141.0.tgz",
      "integrity": "sha512-JaSDAPWuk4RTzG5BYRQm8YZbERUxTfTDVouWgHMisS2to4E5fotMS9F2zPFNOIJyEFTTQDDKPpsgZVThKU3pXA==",
      "license": "MIT"
    },
    "node_modules/three-inspect": {
      "version": "0.7.2",
      "resolved": "https://registry.npmjs.org/three-inspect/-/three-inspect-0.7.2.tgz",
      "integrity": "sha512-leaCi2dqkMEC/kDjnWW3dN3Vf5s9d0k9jOUY7XGjckv7sa04hTD6ipWZju1MmIoQflHKfHU76se23hAm5RO3qA==",
      "dependencies": {
        "@floating-ui/dom": "^1.6.6",
        "@mdi/js": "^7.4.47",
        "@threlte/core": "^7.3.1",
        "@threlte/extras": "^8.11.4",
        "camera-controls": "^2.8.5",
        "flexible-tree": "^0.1.6",
        "svelte": "^4.2.18",
        "svelte-tweakpane-ui": "^1.3.0",
        "three-perf": "^1.0.10"
      },
      "peerDependencies": {
        "three": ">=0.140"
      }
    },
    "node_modules/three-inspect/node_modules/@threlte/core": {
      "version": "7.3.1",
      "resolved": "https://registry.npmjs.org/@threlte/core/-/core-7.3.1.tgz",
      "integrity": "sha512-qGfpboBL5PWYGqPIpnRmvp0ssW551ULRZsXRpWAwSPWGughiOSL9dBZjiwWQTQHUFMEErgquo6hbFJCuWE0uTg==",
      "dependencies": {
        "mitt": "^3.0.1"
      },
      "peerDependencies": {
        "svelte": ">=4",
        "three": ">=0.152"
      }
    },
    "node_modules/three-inspect/node_modules/@threlte/extras": {
      "version": "8.11.4",
      "resolved": "https://registry.npmjs.org/@threlte/extras/-/extras-8.11.4.tgz",
      "integrity": "sha512-tDjwnEgaR7+zGwbRxYdBH8J63l29DN4gzidFxU3/IaxM4QAh6N8oE3fIBjTMVl/JqxYvaqJ5EYIG0WkOMUVVHA==",
      "dependencies": {
        "@threejs-kit/instanced-sprite-mesh": "^2.4.6",
        "three-mesh-bvh": "^0.7.1",
        "three-perf": "^1.0.10",
        "troika-three-text": "^0.49.0"
      },
      "peerDependencies": {
        "svelte": ">=4",
        "three": ">=0.152"
      }
    },
    "node_modules/three-inspect/node_modules/@threlte/extras/node_modules/@threejs-kit/instanced-sprite-mesh": {
      "version": "2.4.7",
      "resolved": "https://registry.npmjs.org/@threejs-kit/instanced-sprite-mesh/-/instanced-sprite-mesh-2.4.7.tgz",
      "integrity": "sha512-31erNfFEF+msFyWH46sIbjaACXqBke/8qMr/xhv9E3INPCLTrLuN4C4W93znnyTiyuCQ3Waf5UOCT18OBWTUtw==",
      "dependencies": {
        "diet-sprite": "^0.0.1",
        "earcut": "^2.2.4",
        "maath": "^0.10.7",
        "three-instanced-uniforms-mesh": "^0.49.0",
        "troika-three-utils": "^0.49.0"
      },
      "peerDependencies": {
        "three": ">=0.151.0"
      }
    },
    "node_modules/three-inspect/node_modules/@threlte/extras/node_modules/three-mesh-bvh": {
      "version": "0.7.6",
      "resolved": "https://registry.npmjs.org/three-mesh-bvh/-/three-mesh-bvh-0.7.6.tgz",
      "integrity": "sha512-rCjsnxEqR9r1/C/lCqzGLS67NDty/S/eT6rAJfDvsanrIctTWdNoR4ZOGWewCB13h1QkVo2BpmC0wakj1+0m8A==",
      "peerDependencies": {
        "three": ">= 0.151.0"
      }
    },
    "node_modules/three-inspect/node_modules/camera-controls": {
      "version": "2.8.5",
      "license": "MIT",
      "peerDependencies": {
        "three": ">=0.126.1"
      }
    },
    "node_modules/three-inspect/node_modules/three-perf": {
      "version": "1.0.10",
      "license": "MIT",
      "dependencies": {
        "troika-three-text": "^0.47.2",
        "tweakpane": "^3.1.10"
      },
      "peerDependencies": {
        "three": ">=0.151"
      }
    },
    "node_modules/three-inspect/node_modules/three-perf/node_modules/troika-three-text": {
      "version": "0.47.2",
      "license": "MIT",
      "dependencies": {
        "bidi-js": "^1.0.2",
        "troika-three-utils": "^0.47.2",
        "troika-worker-utils": "^0.47.2",
        "webgl-sdf-generator": "1.1.1"
      },
      "peerDependencies": {
        "three": ">=0.125.0"
      }
    },
    "node_modules/three-inspect/node_modules/three-perf/node_modules/troika-three-utils": {
      "version": "0.47.2",
      "license": "MIT",
      "peerDependencies": {
        "three": ">=0.125.0"
      }
    },
    "node_modules/three-inspect/node_modules/troika-worker-utils": {
      "version": "0.47.2",
      "license": "MIT"
    },
    "node_modules/three-inspect/node_modules/tweakpane": {
      "version": "3.1.10",
      "license": "MIT",
      "funding": {
        "url": "https://github.com/sponsors/cocopon"
      }
    },
    "node_modules/three-instanced-uniforms-mesh": {
      "version": "0.49.1",
      "license": "MIT",
      "dependencies": {
        "troika-three-utils": "^0.49.0"
      },
      "peerDependencies": {
        "three": ">=0.125.0"
      }
    },
    "node_modules/to-regex-range": {
      "version": "5.0.1",
      "license": "MIT",
      "dependencies": {
        "is-number": "^7.0.0"
      },
      "engines": {
        "node": ">=8.0"
      }
    },
    "node_modules/troika-three-text": {
      "version": "0.49.1",
      "license": "MIT",
      "dependencies": {
        "bidi-js": "^1.0.2",
        "troika-three-utils": "^0.49.0",
        "troika-worker-utils": "^0.49.0",
        "webgl-sdf-generator": "1.1.1"
      },
      "peerDependencies": {
        "three": ">=0.125.0"
      }
    },
    "node_modules/troika-three-utils": {
      "version": "0.49.0",
      "license": "MIT",
      "peerDependencies": {
        "three": ">=0.125.0"
      }
    },
    "node_modules/troika-worker-utils": {
      "version": "0.49.0",
      "license": "MIT"
    },
    "node_modules/tweakpane": {
      "version": "4.0.3",
      "license": "MIT",
      "funding": {
        "url": "https://github.com/sponsors/cocopon"
      }
    },
    "node_modules/typescript": {
      "version": "4.7.4",
      "resolved": "https://registry.npmjs.org/typescript/-/typescript-4.7.4.tgz",
      "integrity": "sha512-C0WQT0gezHuw6AdY1M2jxUO83Rjf0HP7Sk1DtXj6j1EwkQNZrHAg2XPWlq62oqEhYvONq5pkC2Y9oPljWToLmQ==",
      "dev": true,
      "license": "Apache-2.0",
      "bin": {
        "tsc": "bin/tsc",
        "tsserver": "bin/tsserver"
      },
      "engines": {
        "node": ">=4.2.0"
      }
    },
    "node_modules/vite": {
      "version": "2.9.12",
      "resolved": "https://registry.npmjs.org/vite/-/vite-2.9.12.tgz",
      "integrity": "sha512-suxC36dQo9Rq1qMB2qiRorNJtJAdxguu5TMvBHOc/F370KvqAe9t48vYp+/TbPKRNrMh/J55tOUmkuIqstZaew==",
      "dev": true,
      "license": "MIT",
      "dependencies": {
        "esbuild": "^0.14.27",
        "postcss": "^8.4.13",
        "resolve": "^1.22.0",
        "rollup": "^2.59.0"
      },
      "bin": {
        "vite": "bin/vite.js"
      },
      "engines": {
        "node": ">=12.2.0"
      },
      "optionalDependencies": {
        "fsevents": "~2.3.2"
      },
      "peerDependencies": {
        "less": "*",
        "sass": "*",
        "stylus": "*"
      },
      "peerDependenciesMeta": {
        "less": {
          "optional": true
        },
        "sass": {
          "optional": true
        },
        "stylus": {
          "optional": true
        }
      }
    },
    "node_modules/webgl-sdf-generator": {
      "version": "1.1.1",
      "license": "MIT"
    }
  }
}
