# THIS IS AN AUTOGENERATED FILE. DO NOT EDIT THIS FILE DIRECTLY.
# yarn lockfile v1


"@ampproject/remapping@^2.2.1":
  version "2.3.0"
  dependencies:
    "@jridgewell/gen-mapping" "^0.3.5"
    "@jridgewell/trace-mapping" "^0.3.24"

"@floating-ui/core@^1.6.0":
  version "1.6.5"
  dependencies:
    "@floating-ui/utils" "^0.2.5"

"@floating-ui/dom@^1.6.6":
  version "1.6.8"
  dependencies:
    "@floating-ui/core" "^1.6.0"
    "@floating-ui/utils" "^0.2.5"

"@floating-ui/utils@^0.2.5":
  version "0.2.5"

"@jridgewell/gen-mapping@^0.3.5":
  version "0.3.5"
  dependencies:
    "@jridgewell/set-array" "^1.2.1"
    "@jridgewell/sourcemap-codec" "^1.4.10"
    "@jridgewell/trace-mapping" "^0.3.24"

"@jridgewell/resolve-uri@^3.1.0":
  version "3.1.2"

"@jridgewell/set-array@^1.2.1":
  version "1.2.1"

"@jridgewell/sourcemap-codec@^1.4.10", "@jridgewell/sourcemap-codec@^1.4.14", "@jridgewell/sourcemap-codec@^1.4.15":
  version "1.5.0"

"@jridgewell/trace-mapping@^0.3.18", "@jridgewell/trace-mapping@^0.3.24":
  version "0.3.25"
  dependencies:
    "@jridgewell/resolve-uri" "^3.1.0"
    "@jridgewell/sourcemap-codec" "^1.4.14"

"@kitschpatrol/tweakpane-plugin-camerakit@^0.3.0":

"@kitschpatrol/tweakpane-plugin-essentials@^0.2.1":

"@kitschpatrol/tweakpane-plugin-image@^2.0.0":
  version "2.0.0"
  dependencies:
    "@tweakpane/core" "^2.0.3"

"@kitschpatrol/tweakpane-plugin-profiler@^0.4.1":

"@kitschpatrol/tweakpane-plugin-rotation@^0.2.0":

"@kitschpatrol/tweakpane-plugin-textarea@^2.0.0":

"@kitschpatrol/tweakpane-plugin-waveform@^1.0.3":

"@mdi/js@^7.4.47":
  version "7.4.47"

"@three-ts/orbit-controls@^1.4.7":
  version "1.4.7"
  resolved "https://registry.npmjs.org/@three-ts/orbit-controls/-/orbit-controls-1.4.7.tgz"
  integrity sha512-1OVZnc2VTHCoHberL50LBbltjnqVpOBhmuJwKPqzn6sThQwvVU1E13cpuJ2SWWOMoMLF+4hE3ICi4KHsZA/CJw==
  dependencies:
    three "^0.126.1"

"@threejs-kit/instanced-sprite-mesh@^2.4.6":
  version "2.4.7"
  resolved "https://registry.npmjs.org/@threejs-kit/instanced-sprite-mesh/-/instanced-sprite-mesh-2.4.7.tgz"
  integrity sha512-31erNfFEF+msFyWH46sIbjaACXqBke/8qMr/xhv9E3INPCLTrLuN4C4W93znnyTiyuCQ3Waf5UOCT18OBWTUtw==
  dependencies:
    diet-sprite "^0.0.1"
    earcut "^2.2.4"
    maath "^0.10.7"
    three-instanced-uniforms-mesh "^0.49.0"
    troika-three-utils "^0.49.0"

"@threlte/core@^7.3.1":
  version "7.3.1"
  resolved "https://registry.npmjs.org/@threlte/core/-/core-7.3.1.tgz"
  integrity sha512-qGfpboBL5PWYGqPIpnRmvp0ssW551ULRZsXRpWAwSPWGughiOSL9dBZjiwWQTQHUFMEErgquo6hbFJCuWE0uTg==
  dependencies:
    mitt "^3.0.1"

"@threlte/extras@^8.11.4":
  version "8.11.4"
  resolved "https://registry.npmjs.org/@threlte/extras/-/extras-8.11.4.tgz"
  integrity sha512-tDjwnEgaR7+zGwbRxYdBH8J63l29DN4gzidFxU3/IaxM4QAh6N8oE3fIBjTMVl/JqxYvaqJ5EYIG0WkOMUVVHA==
  dependencies:
    "@threejs-kit/instanced-sprite-mesh" "^2.4.6"
    three-mesh-bvh "^0.7.1"
    three-perf "^1.0.10"
    troika-three-text "^0.49.0"

"@tweakpane/core@^2.0.3", "@tweakpane/core@2.0.3":

"@types/dat.gui@^0.7.7":
  version "0.7.7"
  resolved "https://registry.npmjs.org/@types/dat.gui/-/dat.gui-0.7.7.tgz"
  integrity sha512-CxLCme0He5Jk3uQwfO/fGZMyNhb/ypANzqX0yU9lviBQMlen5SOvQTBQ/Cd9x5mFlUAK5Tk8RgvTyLj1nYkz+w==

"@types/estree@*", "@types/estree@^1.0.0", "@types/estree@^1.0.1":
  version "1.0.5"

"@types/three@^0.141.0", "@types/three@>=0.134.0":
  version "0.141.0"
  resolved "https://registry.npmjs.org/@types/three/-/three-0.141.0.tgz"
  integrity sha512-OJdKDgTPVBUgc+s74DYoy4aLznbFFC38Xm4ElmU1YwGNgR7GGFVvFCX7lpVgOsT6S1zSJtGdajTsOYE8/xY9nA==
  dependencies:
    "@types/webxr" "*"

"@types/webxr@*":
  version "0.4.0"
  resolved "https://registry.npmjs.org/@types/webxr/-/webxr-0.4.0.tgz"
  integrity sha512-LQvrACV3Pj17GpkwHwXuTd733gfY+D7b9mKdrTmLdO7vo7P/o6209Qqtk63y/FCv/lspdmi0pWz6Qe/ull9kQg==

acorn@^8.10.0, acorn@^8.9.0:
  version "8.12.1"

anymatch@~3.1.2:
  version "3.1.3"
  dependencies:
    normalize-path "^3.0.0"
    picomatch "^2.0.4"

aria-query@^5.3.0:
  version "5.3.0"
  dependencies:
    dequal "^2.0.3"

axobject-query@^4.0.0:
  version "4.1.0"

bidi-js@^1.0.2:
  version "1.0.3"
  dependencies:
    require-from-string "^2.0.2"

binary-extensions@^2.0.0:
  version "2.3.0"

braces@~3.0.2:
  version "3.0.3"
  dependencies:
    fill-range "^7.1.1"

camera-controls@^1.36.0:
  version "1.36.0"
  resolved "https://registry.npmjs.org/camera-controls/-/camera-controls-1.36.0.tgz"
  integrity sha512-EFRS/PGyaqwc+mousHbLF9nFJQbcIcYIpzkddxFltiAtYcwyR017t1HUh51c75YqqfTKPGerIlITGRu3a+8j6g==

camera-controls@^2.8.5:
  version "2.8.5"

"chokidar@>=3.0.0 <4.0.0":
  version "3.6.0"
  dependencies:
    anymatch "~3.1.2"
    braces "~3.0.2"
    glob-parent "~5.1.2"
    is-binary-path "~2.1.0"
    is-glob "~4.0.1"
    normalize-path "~3.0.0"
    readdirp "~3.6.0"
  optionalDependencies:
    fsevents "~2.3.2"

code-red@^1.0.3:
  version "1.0.4"
  dependencies:
    "@jridgewell/sourcemap-codec" "^1.4.15"
    "@types/estree" "^1.0.1"
    acorn "^8.10.0"
    estree-walker "^3.0.3"
    periscopic "^3.1.0"

css-tree@^2.3.1:
  version "2.3.1"
  dependencies:
    mdn-data "2.0.30"
    source-map-js "^1.0.1"

dat.gui@^0.7.9:
  version "0.7.9"
  resolved "https://registry.npmjs.org/dat.gui/-/dat.gui-0.7.9.tgz"
  integrity sha512-sCNc1OHobc+Erc1HqiswYgHdVNpSJUlk/Hz8vzOCsER7rl+oF/4+v8GXFUyCgtXpoCX6+bnmg07DedLvBLwYKQ==

dequal@^2.0.3:
  version "2.0.3"

diet-sprite@^0.0.1:
  version "0.0.1"

earcut@^2.2.4:
  version "2.2.4"

esbuild-darwin-arm64@0.14.47:
  version "0.14.47"
  resolved "https://registry.npmjs.org/esbuild-darwin-arm64/-/esbuild-darwin-arm64-0.14.47.tgz"
  integrity sha512-seCmearlQyvdvM/noz1L9+qblC5vcBrhUaOoLEDDoLInF/VQ9IkobGiLlyTPYP5dW1YD4LXhtBgOyevoIHGGnw==

esbuild@^0.14.27:
  version "0.14.47"
  resolved "https://registry.npmjs.org/esbuild/-/esbuild-0.14.47.tgz"
  integrity sha512-wI4ZiIfFxpkuxB8ju4MHrGwGLyp1+awEHAHVpx6w7a+1pmYIq8T9FGEVVwFo0iFierDoMj++Xq69GXWYn2EiwA==
  optionalDependencies:
    esbuild-android-64 "0.14.47"
    esbuild-android-arm64 "0.14.47"
    esbuild-darwin-64 "0.14.47"
    esbuild-darwin-arm64 "0.14.47"
    esbuild-freebsd-64 "0.14.47"
    esbuild-freebsd-arm64 "0.14.47"
    esbuild-linux-32 "0.14.47"
    esbuild-linux-64 "0.14.47"
    esbuild-linux-arm "0.14.47"
    esbuild-linux-arm64 "0.14.47"
    esbuild-linux-mips64le "0.14.47"
    esbuild-linux-ppc64le "0.14.47"
    esbuild-linux-riscv64 "0.14.47"
    esbuild-linux-s390x "0.14.47"
    esbuild-netbsd-64 "0.14.47"
    esbuild-openbsd-64 "0.14.47"
    esbuild-sunos-64 "0.14.47"
    esbuild-windows-32 "0.14.47"
    esbuild-windows-64 "0.14.47"
    esbuild-windows-arm64 "0.14.47"

esm-env@1.0.0:
  version "1.0.0"

estree-walker@^3.0.0, estree-walker@^3.0.3:
  version "3.0.3"
  dependencies:
    "@types/estree" "^1.0.0"

fast-copy@3.0.1:
  version "3.0.1"

fast-equals@5.0.1:
  version "5.0.1"

fill-range@^7.1.1:
  version "7.1.1"
  dependencies:
    to-regex-range "^5.0.1"

flexible-tree@^0.1.6:
  version "0.1.6"
  dependencies:
    sass "^1.63.6"

fsevents@~2.3.2:
  version "2.3.3"

function-bind@^1.1.1:
  version "1.1.1"
  resolved "https://registry.npmjs.org/function-bind/-/function-bind-1.1.1.tgz"
  integrity sha512-yIovAzMX49sF8Yl58fSCWJ5svSLuaibPxXQJFLmBObTuCr0Mf1KiPopGM9NiFjiYBCbfaa2Fh6breQ6ANVTI0A==

glob-parent@~5.1.2:
  version "5.1.2"
  dependencies:
    is-glob "^4.0.1"

has@^1.0.3:
  version "1.0.3"
  resolved "https://registry.npmjs.org/has/-/has-1.0.3.tgz"
  integrity sha512-f2dvO0VU6Oej7RkWJGrehjbzMAjFp5/VKPp5tTpWIV4JHHZK1/BxbFRtf/siA2SWTe09caDmVtYYzWEIbBS4zw==
  dependencies:
    function-bind "^1.1.1"

immutable@^4.0.0:
  version "4.3.7"

is-binary-path@~2.1.0:
  version "2.1.0"
  dependencies:
    binary-extensions "^2.0.0"

is-core-module@^2.9.0:
  version "2.9.0"
  resolved "https://registry.npmjs.org/is-core-module/-/is-core-module-2.9.0.tgz"
  integrity sha512-+5FPy5PnwmO3lvfMb0AsoPaBG+5KHUI0wYFXOtYPnVVVspTFUuMZNfNaNVRt3FZadstu2c8x23vykRW/NBoU6A==
  dependencies:
    has "^1.0.3"

is-extglob@^2.1.1:
  version "2.1.1"

is-glob@^4.0.1, is-glob@~4.0.1:
  version "4.0.3"
  dependencies:
    is-extglob "^2.1.1"

is-number@^7.0.0:
  version "7.0.0"

is-reference@^3.0.0, is-reference@^3.0.1:
  version "3.0.2"
  dependencies:
    "@types/estree" "*"

locate-character@^3.0.0:
  version "3.0.0"

maath@^0.10.7:
  version "0.10.8"

magic-string@^0.30.4:
  version "0.30.10"
  dependencies:
    "@jridgewell/sourcemap-codec" "^1.4.15"

mdn-data@2.0.30:
  version "2.0.30"

mitt@^3.0.1:
  version "3.0.1"

nanoid@^3.3.4:
  version "3.3.4"
  resolved "https://registry.npmjs.org/nanoid/-/nanoid-3.3.4.tgz"
  integrity sha512-MqBkQh/OHTS2egovRtLk45wEyNXwF+cokD+1YPf9u5VfJiRdAiRwB2froX5Co9Rh20xs4siNPm8naNotSD6RBw==

nanoid@5.0.6:
  version "5.0.6"

normalize-path@^3.0.0, normalize-path@~3.0.0:
  version "3.0.0"

path-parse@^1.0.7:
  version "1.0.7"
  resolved "https://registry.npmjs.org/path-parse/-/path-parse-1.0.7.tgz"
  integrity sha512-LDJzPVEEEPR+y48z93A0Ed0yXb8pAByGWo/k5YYdYgpY2/2EsOsksJrq7lOHxryrVOn1ejG6oAp8ahvOIQD8sw==

periscopic@^3.1.0:
  version "3.1.0"
  dependencies:
    "@types/estree" "^1.0.0"
    estree-walker "^3.0.0"
    is-reference "^3.0.0"

picocolors@^1.0.0:
  version "1.0.0"
  resolved "https://registry.npmjs.org/picocolors/-/picocolors-1.0.0.tgz"
  integrity sha512-1fygroTLlHu66zi26VoTDv8yRgm0Fccecssto+MhsZ0D/DGW2sm8E8AjW7NU5VVTRt5GxbeZ5qBuJr+HyLYkjQ==

picomatch@^2.0.4, picomatch@^2.2.1:
  version "2.3.1"

postcss@^8.4.13:
  version "8.4.14"
  resolved "https://registry.npmjs.org/postcss/-/postcss-8.4.14.tgz"
  integrity sha512-E398TUmfAYFPBSdzgeieK2Y1+1cpdxJx8yXbK/m57nRhKSmk1GB2tO4lbLBtlkfPQTDKfe4Xqv1ASWPpayPEig==
  dependencies:
    nanoid "^3.3.4"
    picocolors "^1.0.0"
    source-map-js "^1.0.2"

readdirp@~3.6.0:
  version "3.6.0"
  dependencies:
    picomatch "^2.2.1"

require-from-string@^2.0.2:
  version "2.0.2"

resolve@^1.22.0:
  version "1.22.1"
  resolved "https://registry.npmjs.org/resolve/-/resolve-1.22.1.tgz"
  integrity sha512-nBpuuYuY5jFsli/JIs1oldw6fOQCBioohqWZg/2hiaOybXOft4lonv85uDOKXdf8rhyK159cxU5cDcK/NKk8zw==
  dependencies:
    is-core-module "^2.9.0"
    path-parse "^1.0.7"
    supports-preserve-symlinks-flag "^1.0.0"

rollup@^2.59.0:
  version "2.75.7"
  resolved "https://registry.npmjs.org/rollup/-/rollup-2.75.7.tgz"
  integrity sha512-VSE1iy0eaAYNCxEXaleThdFXqZJ42qDBatAwrfnPlENEZ8erQ+0LYX4JXOLPceWfZpV1VtZwZ3dFCuOZiSyFtQ==
  optionalDependencies:
    fsevents "~2.3.2"

sass@*, sass@^1.63.6:
  version "1.77.8"
  dependencies:
    chokidar ">=3.0.0 <4.0.0"
    immutable "^4.0.0"
    source-map-js ">=0.6.2 <2.0.0"

source-map-js@^1.0.1, source-map-js@^1.0.2, "source-map-js@>=0.6.2 <2.0.0":
  version "1.0.2"
  resolved "https://registry.npmjs.org/source-map-js/-/source-map-js-1.0.2.tgz"
  integrity sha512-R0XvVJ9WusLiqTCEiGCmICCMplcCkIwwR11mOSD9CR5u+IXYdiseeEuXCVAjS54zqwkLcPNnmU4OeJ6tUrWhDw==

stats.js@^0.17.0:
  version "0.17.0"
  resolved "https://registry.npmjs.org/stats.js/-/stats.js-0.17.0.tgz"
  integrity sha512-hNKz8phvYLPEcRkeG1rsGmV5ChMjKDAWU7/OJJdDErPBNChQXxCo3WZurGpnWc6gZhAzEPFad1aVgyOANH1sMw==

supports-preserve-symlinks-flag@^1.0.0:
  version "1.0.0"
  resolved "https://registry.npmjs.org/supports-preserve-symlinks-flag/-/supports-preserve-symlinks-flag-1.0.0.tgz"
  integrity sha512-ot0WnXS9fgdkgIcePe6RHNk1WA8+muPa6cSjeR3V8K27q9BB1rTE3R1p7Hv0z1ZyAc8s6Vvv8DIyWf681MAt0w==

svelte-local-storage-store@0.6.4:
  version "0.6.4"

svelte-tweakpane-ui@^1.3.0:
  version "1.3.0"
  dependencies:
    "@kitschpatrol/tweakpane-plugin-camerakit" "^0.3.0"
    "@kitschpatrol/tweakpane-plugin-essentials" "^0.2.1"
    "@kitschpatrol/tweakpane-plugin-image" "^2.0.0"
    "@kitschpatrol/tweakpane-plugin-profiler" "^0.4.1"
    "@kitschpatrol/tweakpane-plugin-rotation" "^0.2.0"
    "@kitschpatrol/tweakpane-plugin-textarea" "^2.0.0"
    "@kitschpatrol/tweakpane-plugin-waveform" "^1.0.3"
    "@tweakpane/core" "2.0.3"
    esm-env "1.0.0"
    fast-copy "3.0.1"
    fast-equals "5.0.1"
    nanoid "5.0.6"
    svelte-local-storage-store "0.6.4"
    tweakpane "4.0.3"

"svelte@^3.48.0 || >4.0.0", svelte@^4.0.0, svelte@^4.2.18, svelte@>=4:
  version "4.2.18"
  dependencies:
    "@ampproject/remapping" "^2.2.1"
    "@jridgewell/sourcemap-codec" "^1.4.15"
    "@jridgewell/trace-mapping" "^0.3.18"
    "@types/estree" "^1.0.1"
    acorn "^8.9.0"
    aria-query "^5.3.0"
    axobject-query "^4.0.0"
    code-red "^1.0.3"
    css-tree "^2.3.1"
    estree-walker "^3.0.3"
    is-reference "^3.0.1"
    locate-character "^3.0.0"
    magic-string "^0.30.4"
    periscopic "^3.1.0"

three-inspect@^0.7.2:
  version "0.7.2"
  resolved "https://registry.npmjs.org/three-inspect/-/three-inspect-0.7.2.tgz"
  integrity sha512-leaCi2dqkMEC/kDjnWW3dN3Vf5s9d0k9jOUY7XGjckv7sa04hTD6ipWZju1MmIoQflHKfHU76se23hAm5RO3qA==
  dependencies:
    "@floating-ui/dom" "^1.6.6"
    "@mdi/js" "^7.4.47"
    "@threlte/core" "^7.3.1"
    "@threlte/extras" "^8.11.4"
    camera-controls "^2.8.5"
    flexible-tree "^0.1.6"
    svelte "^4.2.18"
    svelte-tweakpane-ui "^1.3.0"
    three-perf "^1.0.10"

three-instanced-uniforms-mesh@^0.49.0:
  version "0.49.1"
  dependencies:
    troika-three-utils "^0.49.0"

three-mesh-bvh@^0.7.1:
  version "0.7.6"
  resolved "https://registry.npmjs.org/three-mesh-bvh/-/three-mesh-bvh-0.7.6.tgz"
  integrity sha512-rCjsnxEqR9r1/C/lCqzGLS67NDty/S/eT6rAJfDvsanrIctTWdNoR4ZOGWewCB13h1QkVo2BpmC0wakj1+0m8A==

three-perf@^1.0.10:
  version "1.0.10"
  dependencies:
    troika-three-text "^0.47.2"
    tweakpane "^3.1.10"

three@^0.126.1:
  version "0.126.1"
  resolved "https://registry.npmjs.org/three/-/three-0.126.1.tgz"
  integrity sha512-eOEXnZeE1FDV0XgL1u08auIP13jxdN9LQBAEmlErYzMxtIIfuGIAZbijOyookALUhqVzVOx0Tywj6n192VM+nQ==

three@^0.141.0, "three@>= 0.151.0", three@>=0.125.0, three@>=0.126.1, three@>=0.134.0, three@>=0.140, three@>=0.151, three@>=0.151.0, three@>=0.152:
  version "0.141.0"
  resolved "https://registry.npmjs.org/three/-/three-0.141.0.tgz"
  integrity sha512-JaSDAPWuk4RTzG5BYRQm8YZbERUxTfTDVouWgHMisS2to4E5fotMS9F2zPFNOIJyEFTTQDDKPpsgZVThKU3pXA==

to-regex-range@^5.0.1:
  version "5.0.1"
  dependencies:
    is-number "^7.0.0"

troika-three-text@^0.47.2:
  version "0.47.2"
  dependencies:
    bidi-js "^1.0.2"
    troika-three-utils "^0.47.2"
    troika-worker-utils "^0.47.2"
    webgl-sdf-generator "1.1.1"

troika-three-text@^0.49.0:
  version "0.49.1"
  dependencies:
    bidi-js "^1.0.2"
    troika-three-utils "^0.49.0"
    troika-worker-utils "^0.49.0"
    webgl-sdf-generator "1.1.1"

troika-three-utils@^0.47.2:
  version "0.47.2"

troika-three-utils@^0.49.0:
  version "0.49.0"

troika-worker-utils@^0.47.2:
  version "0.47.2"

troika-worker-utils@^0.49.0:
  version "0.49.0"

tweakpane@^3.1.10:
  version "3.1.10"

tweakpane@^4.0.3, tweakpane@4.0.3:
  version "4.0.3"

typescript@^4.5.4:
  version "4.7.4"
  resolved "https://registry.npmjs.org/typescript/-/typescript-4.7.4.tgz"
  integrity sha512-C0WQT0gezHuw6AdY1M2jxUO83Rjf0HP7Sk1DtXj6j1EwkQNZrHAg2XPWlq62oqEhYvONq5pkC2Y9oPljWToLmQ==

vite@^2.9.9:
  version "2.9.12"
  resolved "https://registry.npmjs.org/vite/-/vite-2.9.12.tgz"
  integrity sha512-suxC36dQo9Rq1qMB2qiRorNJtJAdxguu5TMvBHOc/F370KvqAe9t48vYp+/TbPKRNrMh/J55tOUmkuIqstZaew==
  dependencies:
    esbuild "^0.14.27"
    postcss "^8.4.13"
    resolve "^1.22.0"
    rollup "^2.59.0"
  optionalDependencies:
    fsevents "~2.3.2"

webgl-sdf-generator@1.1.1:
  version "1.1.1"
